
Microsoft Visual Studio Solution File, Format Version 12.00
# Visual Studio Version 17
VisualStudioVersion = 17.8.34525.116
MinimumVisualStudioVersion = 10.0.40219.1
Project("{FAE04EC0-301F-11D3-BF4B-00C04F79EFBC}") = "DataAccess", "DataAccess\DataAccess.csproj", "{97C1EAD5-B1E4-4143-AC62-AB40F88301E9}"
EndProject
Project("{FAE04EC0-301F-11D3-BF4B-00C04F79EFBC}") = "Business", "Business\Business.csproj", "{B952EE86-37D2-410B-917E-B7B6662880AB}"
EndProject
Project("{FAE04EC0-301F-11D3-BF4B-00C04F79EFBC}") = "Entities", "Entities\Entities.csproj", "{916C3F40-2D07-478F-9765-F91D26AD801C}"
EndProject
Project("{FAE04EC0-301F-11D3-BF4B-00C04F79EFBC}") = "ConsoleUI", "ConsoleUI\ConsoleUI.csproj", "{ED7487ED-CE5A-427C-A3BC-F4A997C6A19C}"
EndProject
Global
	GlobalSection(SolutionConfigurationPlatforms) = preSolution
		Debug|Any CPU = Debug|Any CPU
		Release|Any CPU = Release|Any CPU
	EndGlobalSection
	GlobalSection(ProjectConfigurationPlatforms) = postSolution
		{97C1EAD5-B1E4-4143-AC62-AB40F88301E9}.Debug|Any CPU.ActiveCfg = Debug|Any CPU
		{97C1EAD5-B1E4-4143-AC62-AB40F88301E9}.Debug|Any CPU.Build.0 = Debug|Any CPU
		{97C1EAD5-B1E4-4143-AC62-AB40F88301E9}.Release|Any CPU.ActiveCfg = Release|Any CPU
		{97C1EAD5-B1E4-4143-AC62-AB40F88301E9}.Release|Any CPU.Build.0 = Release|Any CPU
		{B952EE86-37D2-410B-917E-B7B6662880AB}.Debug|Any CPU.ActiveCfg = Debug|Any CPU
		{B952EE86-37D2-410B-917E-B7B6662880AB}.Debug|Any CPU.Build.0 = Debug|Any CPU
		{B952EE86-37D2-410B-917E-B7B6662880AB}.Release|Any CPU.ActiveCfg = Release|Any CPU
		{B952EE86-37D2-410B-917E-B7B6662880AB}.Release|Any CPU.Build.0 = Release|Any CPU
		{916C3F40-2D07-478F-9765-F91D26AD801C}.Debug|Any CPU.ActiveCfg = Debug|Any CPU
		{916C3F40-2D07-478F-9765-F91D26AD801C}.Debug|Any CPU.Build.0 = Debug|Any CPU
		{916C3F40-2D07-478F-9765-F91D26AD801C}.Release|Any CPU.ActiveCfg = Release|Any CPU
		{916C3F40-2D07-478F-9765-F91D26AD801C}.Release|Any CPU.Build.0 = Release|Any CPU
		{ED7487ED-CE5A-427C-A3BC-F4A997C6A19C}.Debug|Any CPU.ActiveCfg = Debug|Any CPU
		{ED7487ED-CE5A-427C-A3BC-F4A997C6A19C}.Debug|Any CPU.Build.0 = Debug|Any CPU
		{ED7487ED-CE5A-427C-A3BC-F4A997C6A19C}.Release|Any CPU.ActiveCfg = Release|Any CPU
		{ED7487ED-CE5A-427C-A3BC-F4A997C6A19C}.Release|Any CPU.Build.0 = Release|Any CPU
	EndGlobalSection
	GlobalSection(SolutionProperties) = preSolution
		HideSolutionNode = FALSE
	EndGlobalSection
	GlobalSection(ExtensibilityGlobals) = postSolution
		SolutionGuid = {E6CE2010-FF2A-4655-AF48-E74FB048F160}
	EndGlobalSection
EndGlobal
